
Microsoft Visual Studio Solution File, Format Version 12.00
# Visual Studio Version 16
VisualStudioVersion = 16.0.30523.141
MinimumVisualStudioVersion = 10.0.40219.1
Project("{FAE04EC0-301F-11D3-BF4B-00C04F79EFBC}") = "DAL", "DAL\DAL.csproj", "{7BBC2B10-C450-4283-B0D5-5210AD082409}"
EndProject
Project("{FAE04EC0-301F-11D3-BF4B-00C04F79EFBC}") = "Models", "Models\Models.csproj", "{05E0B69F-C664-4F7A-BAD3-F47EC04B38C9}"
EndProject
Project("{FAE04EC0-301F-11D3-BF4B-00C04F79EFBC}") = "GUI", "TESTE\GUI.csproj", "{9BEA62F6-8534-4DCE-9CA3-88F112E504E5}"
EndProject
Project("{FAE04EC0-301F-11D3-BF4B-00C04F79EFBC}") = "WEBUI", "WEBUI\WEBUI.csproj", "{7279CCD9-DEC4-40FA-9A13-B646D596CBC7}"
EndProject
Global
	GlobalSection(SolutionConfigurationPlatforms) = preSolution
		Debug|Any CPU = Debug|Any CPU
		Release|Any CPU = Release|Any CPU
	EndGlobalSection
	GlobalSection(ProjectConfigurationPlatforms) = postSolution
		{7BBC2B10-C450-4283-B0D5-5210AD082409}.Debug|Any CPU.ActiveCfg = Debug|Any CPU
		{7BBC2B10-C450-4283-B0D5-5210AD082409}.Debug|Any CPU.Build.0 = Debug|Any CPU
		{7BBC2B10-C450-4283-B0D5-5210AD082409}.Release|Any CPU.ActiveCfg = Release|Any CPU
		{7BBC2B10-C450-4283-B0D5-5210AD082409}.Release|Any CPU.Build.0 = Release|Any CPU
		{05E0B69F-C664-4F7A-BAD3-F47EC04B38C9}.Debug|Any CPU.ActiveCfg = Debug|Any CPU
		{05E0B69F-C664-4F7A-BAD3-F47EC04B38C9}.Debug|Any CPU.Build.0 = Debug|Any CPU
		{05E0B69F-C664-4F7A-BAD3-F47EC04B38C9}.Release|Any CPU.ActiveCfg = Release|Any CPU
		{05E0B69F-C664-4F7A-BAD3-F47EC04B38C9}.Release|Any CPU.Build.0 = Release|Any CPU
		{9BEA62F6-8534-4DCE-9CA3-88F112E504E5}.Debug|Any CPU.ActiveCfg = Debug|Any CPU
		{9BEA62F6-8534-4DCE-9CA3-88F112E504E5}.Debug|Any CPU.Build.0 = Debug|Any CPU
		{9BEA62F6-8534-4DCE-9CA3-88F112E504E5}.Release|Any CPU.ActiveCfg = Release|Any CPU
		{9BEA62F6-8534-4DCE-9CA3-88F112E504E5}.Release|Any CPU.Build.0 = Release|Any CPU
		{7279CCD9-DEC4-40FA-9A13-B646D596CBC7}.Debug|Any CPU.ActiveCfg = Debug|Any CPU
		{7279CCD9-DEC4-40FA-9A13-B646D596CBC7}.Debug|Any CPU.Build.0 = Debug|Any CPU
		{7279CCD9-DEC4-40FA-9A13-B646D596CBC7}.Release|Any CPU.ActiveCfg = Release|Any CPU
		{7279CCD9-DEC4-40FA-9A13-B646D596CBC7}.Release|Any CPU.Build.0 = Release|Any CPU
	EndGlobalSection
	GlobalSection(SolutionProperties) = preSolution
		HideSolutionNode = FALSE
	EndGlobalSection
	GlobalSection(ExtensibilityGlobals) = postSolution
		SolutionGuid = {D2980FEC-7B21-4023-AA0F-936FF9DE8B2B}
	EndGlobalSection
EndGlobal
